<?xml version="1.0" encoding="utf-8"?>
<Project ToolsVersion="4.0" xmlns="http://schemas.microsoft.com/developer/msbuild/2003">
  <ItemGroup>
    <Filter Include="Source Files">
      <UniqueIdentifier>{4FC737F1-C7A5-4376-A066-2A32D752A2FF}</UniqueIdentifier>
      <Extensions>cpp;c;cc;cxx;def;odl;idl;hpj;bat;asm;asmx</Extensions>
    </Filter>
    <Filter Include="Header Files">
      <UniqueIdentifier>{93995380-89BD-4b04-88EB-625FBE52EBFB}</UniqueIdentifier>
      <Extensions>h;hpp;hxx;hm;inl;inc;xsd</Extensions>
    </Filter>
    <Filter Include="Resource Files">
      <UniqueIdentifier>{67DA6AB6-F800-4c08-8B7A-83BB121AAD01}</UniqueIdentifier>
      <Extensions>rc;ico;cur;bmp;dlg;rc2;rct;bin;rgs;gif;jpg;jpeg;jpe;resx;tiff;tif;png;wav;mfcribbon-ms</Extensions>
    </Filter>
  </ItemGroup>
  <ItemGroup>
    <ClCompile Include="..\spiwavset\WavSet.cpp">
      <Filter>Source Files</Filter>
    </ClCompile>
    <ClCompile Include="..\spiwavset\instrument.cpp">
      <Filter>Source Files</Filter>
    </ClCompile>
    <ClCompile Include="..\spiwavset\instrumentset.cpp">
      <Filter>Source Files</Filter>
    </ClCompile>
    <ClCompile Include="..\spiwavset\midievent.cpp">
      <Filter>Source Files</Filter>
    </ClCompile>
    <ClCompile Include="..\spiwavset\midieventset.cpp">
      <Filter>Source Files</Filter>
    </ClCompile>
    <ClCompile Include="..\spiwavset\partition.cpp">
      <Filter>Source Files</Filter>
    </ClCompile>
    <ClCompile Include="..\spiwavset\partitionset.cpp">
      <Filter>Source Files</Filter>
    </ClCompile>
    <ClCompile Include="spiwavsettest.cpp">
      <Filter>Source Files</Filter>
    </ClCompile>
  </ItemGroup>
  <ItemGroup>
    <ClInclude Include="..\spiwavset\WavSet.h">
      <Filter>Header Files</Filter>
    </ClInclude>
    <ClInclude Include="..\spiwavset\instrumentset.h">
      <Filter>Header Files</Filter>
    </ClInclude>
    <ClInclude Include="..\spiwavset\instrument.h">
      <Filter>Header Files</Filter>
    </ClInclude>
    <ClInclude Include="..\spiwavset\midieventset.h">
      <Filter>Header Files</Filter>
    </ClInclude>
    <ClInclude Include="..\spiwavset\midievent.h">
      <Filter>Header Files</Filter>
    </ClInclude>
    <ClInclude Include="..\spiwavset\partitionset.h">
      <Filter>Header Files</Filter>
    </ClInclude>
    <ClInclude Include="..\spiwavset\partition.h">
      <Filter>Header Files</Filter>
    </ClInclude>
  </ItemGroup>
  <ItemGroup>
    <None Include="spi.licenseheader" />
  </ItemGroup>
</Project>